// !$*UTF8*$!
{
	archiveVersion = 1;
	classes = {
	};
	objectVersion = 77;
	objects = {

/* Begin PBXBuildFile section */
		1B89D3C8B99684C79BE6C001 /* RecordingManager.swift in Sources */ = {isa = PBXBuildFile; fileRef = 392CF431F24B3ADE70C3BCA5 /* RecordingManager.swift */; };
		3A2D966D5223023CFC316A69 /* NetworkManager.swift in Sources */ = {isa = PBXBuildFile; fileRef = B8D85F11B9A012DD0AE0B1B3 /* NetworkManager.swift */; };
		58F4EDBFE50A46E917AA7D3D /* APIConfig.swift in Sources */ = {isa = PBXBuildFile; fileRef = 9D6DAF581F675380C79C8237 /* APIConfig.swift */; };
		5B9D2831F37A422EBB84530E /* AudioRecorder.swift in Sources */ = {isa = PBXBuildFile; fileRef = 7B7FC95BF4D671B48EFB5FD4 /* AudioRecorder.swift */; };
		68B099CB3CDE3FC42C1D270E /* CoreModels.swift in Sources */ = {isa = PBXBuildFile; fileRef = 26EEDC399D9EB18D1766DDE1 /* CoreModels.swift */; };
		6C1079887F73EF43C8E07347 /* WatchConnectivityManager.swift in Sources */ = {isa = PBXBuildFile; fileRef = 0686A467C8AFB9C1F4AD5AD6 /* WatchConnectivityManager.swift */; };
		6E0B1D9FD12532C2E06F7E6D /* WatchConnectivityManager.swift in Sources */ = {isa = PBXBuildFile; fileRef = 0686A467C8AFB9C1F4AD5AD6 /* WatchConnectivityManager.swift */; };
		73CBF1E9007F82D997B406EE /* APIConfig.swift in Sources */ = {isa = PBXBuildFile; fileRef = 9D6DAF581F675380C79C8237 /* APIConfig.swift */; };
		8FFC78BFA0ABFB8FF477FE51 /* NetworkManager.swift in Sources */ = {isa = PBXBuildFile; fileRef = B8D85F11B9A012DD0AE0B1B3 /* NetworkManager.swift */; };
		A1AA204DA2DAFCB27809ACBC /* AudioRecorder.swift in Sources */ = {isa = PBXBuildFile; fileRef = 7B7FC95BF4D671B48EFB5FD4 /* AudioRecorder.swift */; };
		C3796CC4A62073F2473A2A12 /* RecordingDetailView.swift in Sources */ = {isa = PBXBuildFile; fileRef = 99B2D023BC0B558123FB57F7 /* RecordingDetailView.swift */; };
		CEF97639349EED0C1DF9964A /* AppGroupContainer.swift in Sources */ = {isa = PBXBuildFile; fileRef = A9E07AB6F8D96D6C194DD5BF /* AppGroupContainer.swift */; };
		CFD7DAAEED5A47A7C3056BC9 /* CoreModels.swift in Sources */ = {isa = PBXBuildFile; fileRef = 26EEDC399D9EB18D1766DDE1 /* CoreModels.swift */; };
		DF052CCA9BBA4826A329EE7B /* RecordingManager.swift in Sources */ = {isa = PBXBuildFile; fileRef = 392CF431F24B3ADE70C3BCA5 /* RecordingManager.swift */; };
		E30C15A82F5029400087DEB3 /* suisuinian Watch App.app in Embed Watch Content */ = {isa = PBXBuildFile; fileRef = E30C15A72F5029400087DEB3 /* suisuinian Watch App.app */; settings = {ATTRIBUTES = (RemoveHeadersOnCopy, ); }; };
		EC4A5877DC1848C7B46CDBE1 /* WatchRecordingsView.swift in Sources */ = {isa = PBXBuildFile; fileRef = C8710A7C6915B24AFBA9FDEA /* WatchRecordingsView.swift */; };
		FD67A0A954956318E26BC3EA /* AppGroupContainer.swift in Sources */ = {isa = PBXBuildFile; fileRef = A9E07AB6F8D96D6C194DD5BF /* AppGroupContainer.swift */; };
/* End PBXBuildFile section */

/* Begin PBXContainerItemProxy section */
		E30C15A92F5029400087DEB3 /* PBXContainerItemProxy */ = {
			isa = PBXContainerItemProxy;
			containerPortal = E30C15922F50293E0087DEB3 /* Project object */;
			proxyType = 1;
			remoteGlobalIDString = E30C15A62F5029400087DEB3;
			remoteInfo = "suisuinian Watch App";
		};
/* End PBXContainerItemProxy section */

/* Begin PBXCopyFilesBuildPhase section */
		E30C15B72F5029410087DEB3 /* Embed Watch Content */ = {
			isa = PBXCopyFilesBuildPhase;
			buildActionMask = 2147483647;
			dstPath = "$(CONTENTS_FOLDER_PATH)/Watch";
			dstSubfolderSpec = 16;
			files = (
				E30C15A82F5029400087DEB3 /* suisuinian Watch App.app in Embed Watch Content */,
			);
			name = "Embed Watch Content";
			runOnlyForDeploymentPostprocessing = 0;
		};
/* End PBXCopyFilesBuildPhase section */

/* Begin PBXFileReference section */
		0686A467C8AFB9C1F4AD5AD6 /* WatchConnectivityManager.swift */ = {isa = PBXFileReference; includeInIndex = 1; lastKnownFileType = sourcecode.swift; path = WatchConnectivityManager.swift; sourceTree = "<group>"; };
		26EEDC399D9EB18D1766DDE1 /* CoreModels.swift */ = {isa = PBXFileReference; includeInIndex = 1; lastKnownFileType = sourcecode.swift; path = CoreModels.swift; sourceTree = "<group>"; };
		392CF431F24B3ADE70C3BCA5 /* RecordingManager.swift */ = {isa = PBXFileReference; includeInIndex = 1; lastKnownFileType = sourcecode.swift; path = RecordingManager.swift; sourceTree = "<group>"; };
		4699ECFFCECB10D806A3354C /* suisuinian.entitlements */ = {isa = PBXFileReference; includeInIndex = 1; lastKnownFileType = text.plist.entitlements; name = suisuinian.entitlements; path = suisuinian/suisuinian.entitlements; sourceTree = "<group>"; };
		7B7FC95BF4D671B48EFB5FD4 /* AudioRecorder.swift */ = {isa = PBXFileReference; includeInIndex = 1; lastKnownFileType = sourcecode.swift; path = AudioRecorder.swift; sourceTree = "<group>"; };
		99B2D023BC0B558123FB57F7 /* RecordingDetailView.swift */ = {isa = PBXFileReference; includeInIndex = 1; lastKnownFileType = sourcecode.swift; name = RecordingDetailView.swift; path = suisuinian/RecordingDetailView.swift; sourceTree = "<group>"; };
		9D6DAF581F675380C79C8237 /* APIConfig.swift */ = {isa = PBXFileReference; includeInIndex = 1; lastKnownFileType = sourcecode.swift; path = APIConfig.swift; sourceTree = "<group>"; };
		A9E07AB6F8D96D6C194DD5BF /* AppGroupContainer.swift */ = {isa = PBXFileReference; includeInIndex = 1; lastKnownFileType = sourcecode.swift; name = AppGroupContainer.swift; path = Shared/AppGroupContainer.swift; sourceTree = "<group>"; };
		B8D85F11B9A012DD0AE0B1B3 /* NetworkManager.swift */ = {isa = PBXFileReference; includeInIndex = 1; lastKnownFileType = sourcecode.swift; path = NetworkManager.swift; sourceTree = "<group>"; };
		C8710A7C6915B24AFBA9FDEA /* WatchRecordingsView.swift */ = {isa = PBXFileReference; includeInIndex = 1; lastKnownFileType = sourcecode.swift; name = WatchRecordingsView.swift; path = "suisuinian Watch App/WatchRecordingsView.swift"; sourceTree = "<group>"; };
		D08D8868E538B60F57D78391 /* suisuinianwatch.entitlements */ = {isa = PBXFileReference; includeInIndex = 1; lastKnownFileType = text.plist.entitlements; name = suisuinianwatch.entitlements; path = "suisuinian Watch App/suisuinianwatch.entitlements"; sourceTree = "<group>"; };
		E30C159A2F50293E0087DEB3 /* suisuinian.app */ = {isa = PBXFileReference; explicitFileType = wrapper.application; includeInIndex = 0; path = suisuinian.app; sourceTree = BUILT_PRODUCTS_DIR; };
		E30C15A72F5029400087DEB3 /* suisuinian Watch App.app */ = {isa = PBXFileReference; explicitFileType = wrapper.application; includeInIndex = 0; path = "suisuinian Watch App.app"; sourceTree = BUILT_PRODUCTS_DIR; };
/* End PBXFileReference section */

/* Begin PBXFileSystemSynchronizedRootGroup section */
		E30C159C2F50293E0087DEB3 /* suisuinian */ = {
			isa = PBXFileSystemSynchronizedRootGroup;
			exceptions = (
			);
			path = suisuinian;
			sourceTree = "<group>";
		};
		E30C15AB2F5029400087DEB3 /* suisuinian Watch App */ = {
			isa = PBXFileSystemSynchronizedRootGroup;
			exceptions = (
			);
			path = "suisuinian Watch App";
			sourceTree = "<group>";
		};
/* End PBXFileSystemSynchronizedRootGroup section */

/* Begin PBXFrameworksBuildPhase section */
		E30C15972F50293E0087DEB3 /* Frameworks */ = {
			isa = PBXFrameworksBuildPhase;
			buildActionMask = 2147483647;
			files = (
			);
			runOnlyForDeploymentPostprocessing = 0;
		};
		E30C15A42F5029400087DEB3 /* Frameworks */ = {
			isa = PBXFrameworksBuildPhase;
			buildActionMask = 2147483647;
			files = (
			);
			runOnlyForDeploymentPostprocessing = 0;
		};
/* End PBXFrameworksBuildPhase section */

/* Begin PBXGroup section */
		CFF15120348E95E94DBA6426 /* Shared */ = {
			isa = PBXGroup;
			children = (
				B8D85F11B9A012DD0AE0B1B3 /* NetworkManager.swift */,
				9D6DAF581F675380C79C8237 /* APIConfig.swift */,
				0686A467C8AFB9C1F4AD5AD6 /* WatchConnectivityManager.swift */,
				7B7FC95BF4D671B48EFB5FD4 /* AudioRecorder.swift */,
				26EEDC399D9EB18D1766DDE1 /* CoreModels.swift */,
				392CF431F24B3ADE70C3BCA5 /* RecordingManager.swift */,
			);
			path = Shared;
			sourceTree = "<group>";
		};
		E30C15912F50293E0087DEB3 = {
			isa = PBXGroup;
			children = (
				E30C159C2F50293E0087DEB3 /* suisuinian */,
				E30C15AB2F5029400087DEB3 /* suisuinian Watch App */,
				E30C159B2F50293E0087DEB3 /* Products */,
				CFF15120348E95E94DBA6426 /* Shared */,
				99B2D023BC0B558123FB57F7 /* RecordingDetailView.swift */,
				C8710A7C6915B24AFBA9FDEA /* WatchRecordingsView.swift */,
				4699ECFFCECB10D806A3354C /* suisuinian.entitlements */,
				D08D8868E538B60F57D78391 /* suisuinianwatch.entitlements */,
				A9E07AB6F8D96D6C194DD5BF /* AppGroupContainer.swift */,
			);
			sourceTree = "<group>";
		};
		E30C159B2F50293E0087DEB3 /* Products */ = {
			isa = PBXGroup;
			children = (
				E30C159A2F50293E0087DEB3 /* suisuinian.app */,
				E30C15A72F5029400087DEB3 /* suisuinian Watch App.app */,
			);
			name = Products;
			sourceTree = "<group>";
		};
/* End PBXGroup section */

/* Begin PBXNativeTarget section */
		E30C15992F50293E0087DEB3 /* suisuinian */ = {
			isa = PBXNativeTarget;
			buildConfigurationList = E30C15B82F5029410087DEB3 /* Build configuration list for PBXNativeTarget "suisuinian" */;
			buildPhases = (
				E30C15962F50293E0087DEB3 /* Sources */,
				E30C15972F50293E0087DEB3 /* Frameworks */,
				E30C15982F50293E0087DEB3 /* Resources */,
				E30C15B72F5029410087DEB3 /* Embed Watch Content */,
			);
			buildRules = (
			);
			dependencies = (
				E30C15AA2F5029400087DEB3 /* PBXTargetDependency */,
			);
			fileSystemSynchronizedGroups = (
				E30C159C2F50293E0087DEB3 /* suisuinian */,
			);
			name = suisuinian;
			productName = suisuinian;
			productReference = E30C159A2F50293E0087DEB3 /* suisuinian.app */;
			productType = "com.apple.product-type.application";
		};
		E30C15A62F5029400087DEB3 /* suisuinian Watch App */ = {
			isa = PBXNativeTarget;
			buildConfigurationList = E30C15B42F5029410087DEB3 /* Build configuration list for PBXNativeTarget "suisuinian Watch App" */;
			buildPhases = (
				E30C15A32F5029400087DEB3 /* Sources */,
				E30C15A42F5029400087DEB3 /* Frameworks */,
				E30C15A52F5029400087DEB3 /* Resources */,
			);
			buildRules = (
			);
			dependencies = (
			);
			fileSystemSynchronizedGroups = (
				E30C15AB2F5029400087DEB3 /* suisuinian Watch App */,
			);
			name = "suisuinian Watch App";
			productName = "suisuinian Watch App";
			productReference = E30C15A72F5029400087DEB3 /* suisuinian Watch App.app */;
			productType = "com.apple.product-type.application";
		};
/* End PBXNativeTarget section */

/* Begin PBXProject section */
		E30C15922F50293E0087DEB3 /* Project object */ = {
			isa = PBXProject;
			attributes = {
				BuildIndependentTargetsInParallel = 1;
				LastSwiftUpdateCheck = 2620;
				LastUpgradeCheck = 2620;
				TargetAttributes = {
					E30C15992F50293E0087DEB3 = {
						CreatedOnToolsVersion = 26.2;
					};
					E30C15A62F5029400087DEB3 = {
						CreatedOnToolsVersion = 26.2;
					};
				};
			};
			buildConfigurationList = E30C15952F50293E0087DEB3 /* Build configuration list for PBXProject "suisuinian" */;
			developmentRegion = en;
			hasScannedForEncodings = 0;
			knownRegions = (
				en,
				Base,
			);
			mainGroup = E30C15912F50293E0087DEB3;
			minimizedProjectReferenceProxies = 1;
			preferredProjectObjectVersion = 77;
			productRefGroup = E30C159B2F50293E0087DEB3 /* Products */;
			projectDirPath = "";
			projectRoot = "";
			targets = (
				E30C15992F50293E0087DEB3 /* suisuinian */,
				E30C15A62F5029400087DEB3 /* suisuinian Watch App */,
			);
		};
/* End PBXProject section */

/* Begin PBXResourcesBuildPhase section */
		E30C15982F50293E0087DEB3 /* Resources */ = {
			isa = PBXResourcesBuildPhase;
			buildActionMask = 2147483647;
			files = (
			);
			runOnlyForDeploymentPostprocessing = 0;
		};
		E30C15A52F5029400087DEB3 /* Resources */ = {
			isa = PBXResourcesBuildPhase;
			buildActionMask = 2147483647;
			files = (
			);
			runOnlyForDeploymentPostprocessing = 0;
		};
/* End PBXResourcesBuildPhase section */

/* Begin PBXSourcesBuildPhase section */
		E30C15962F50293E0087DEB3 /* Sources */ = {
			isa = PBXSourcesBuildPhase;
			buildActionMask = 2147483647;
			files = (
				3A2D966D5223023CFC316A69 /* NetworkManager.swift in Sources */,
				73CBF1E9007F82D997B406EE /* APIConfig.swift in Sources */,
				6C1079887F73EF43C8E07347 /* WatchConnectivityManager.swift in Sources */,
				5B9D2831F37A422EBB84530E /* AudioRecorder.swift in Sources */,
				68B099CB3CDE3FC42C1D270E /* CoreModels.swift in Sources */,
				1B89D3C8B99684C79BE6C001 /* RecordingManager.swift in Sources */,
				C3796CC4A62073F2473A2A12 /* RecordingDetailView.swift in Sources */,
				CEF97639349EED0C1DF9964A /* AppGroupContainer.swift in Sources */,
			);
			runOnlyForDeploymentPostprocessing = 0;
		};
		E30C15A32F5029400087DEB3 /* Sources */ = {
			isa = PBXSourcesBuildPhase;
			buildActionMask = 2147483647;
			files = (
				8FFC78BFA0ABFB8FF477FE51 /* NetworkManager.swift in Sources */,
				58F4EDBFE50A46E917AA7D3D /* APIConfig.swift in Sources */,
				6E0B1D9FD12532C2E06F7E6D /* WatchConnectivityManager.swift in Sources */,
				A1AA204DA2DAFCB27809ACBC /* AudioRecorder.swift in Sources */,
				CFD7DAAEED5A47A7C3056BC9 /* CoreModels.swift in Sources */,
				DF052CCA9BBA4826A329EE7B /* RecordingManager.swift in Sources */,
				EC4A5877DC1848C7B46CDBE1 /* WatchRecordingsView.swift in Sources */,
				FD67A0A954956318E26BC3EA /* AppGroupContainer.swift in Sources */,
			);
			runOnlyForDeploymentPostprocessing = 0;
		};
/* End PBXSourcesBuildPhase section */

/* Begin PBXTargetDependency section */
		E30C15AA2F5029400087DEB3 /* PBXTargetDependency */ = {
			isa = PBXTargetDependency;
			target = E30C15A62F5029400087DEB3 /* suisuinian Watch App */;
			targetProxy = E30C15A92F5029400087DEB3 /* PBXContainerItemProxy */;
		};
/* End PBXTargetDependency section */

/* Begin XCBuildConfiguration section */
		E30C15B22F5029410087DEB3 /* Debug */ = {
			isa = XCBuildConfiguration;
			buildSettings = {
				ALWAYS_SEARCH_USER_PATHS = NO;
				ASSETCATALOG_COMPILER_GENERATE_SWIFT_ASSET_SYMBOL_EXTENSIONS = YES;
				CLANG_ANALYZER_NONNULL = YES;
				CLANG_ANALYZER_NUMBER_OBJECT_CONVERSION = YES_AGGRESSIVE;
				CLANG_CXX_LANGUAGE_STANDARD = "gnu++20";
				CLANG_ENABLE_MODULES = YES;
				CLANG_ENABLE_OBJC_ARC = YES;
				CLANG_ENABLE_OBJC_WEAK = YES;
				CLANG_WARN_BLOCK_CAPTURE_AUTORELEASING = YES;
				CLANG_WARN_BOOL_CONVERSION = YES;
				CLANG_WARN_COMMA = YES;
				CLANG_WARN_CONSTANT_CONVERSION = YES;
				CLANG_WARN_DEPRECATED_OBJC_IMPLEMENTATIONS = YES;
				CLANG_WARN_DIRECT_OBJC_ISA_USAGE = YES_ERROR;
				CLANG_WARN_DOCUMENTATION_COMMENTS = YES;
				CLANG_WARN_EMPTY_BODY = YES;
				CLANG_WARN_ENUM_CONVERSION = YES;
				CLANG_WARN_INFINITE_RECURSION = YES;
				CLANG_WARN_INT_CONVERSION = YES;
				CLANG_WARN_NON_LITERAL_NULL_CONVERSION = YES;
				CLANG_WARN_OBJC_IMPLICIT_RETAIN_SELF = YES;
				CLANG_WARN_OBJC_LITERAL_CONVERSION = YES;
				CLANG_WARN_OBJC_ROOT_CLASS = YES_ERROR;
				CLANG_WARN_QUOTED_INCLUDE_IN_FRAMEWORK_HEADER = YES;
				CLANG_WARN_RANGE_LOOP_ANALYSIS = YES;
				CLANG_WARN_STRICT_PROTOTYPES = YES;
				CLANG_WARN_SUSPICIOUS_MOVE = YES;
				CLANG_WARN_UNGUARDED_AVAILABILITY = YES_AGGRESSIVE;
				CLANG_WARN_UNREACHABLE_CODE = YES;
				CLANG_WARN__DUPLICATE_METHOD_MATCH = YES;
				COPY_PHASE_STRIP = NO;
				DEBUG_INFORMATION_FORMAT = dwarf;
				ENABLE_STRICT_OBJC_MSGSEND = YES;
				ENABLE_TESTABILITY = YES;
				ENABLE_USER_SCRIPT_SANDBOXING = YES;
				GCC_C_LANGUAGE_STANDARD = gnu17;
				GCC_DYNAMIC_NO_PIC = NO;
				GCC_NO_COMMON_BLOCKS = YES;
				GCC_OPTIMIZATION_LEVEL = 0;
				GCC_PREPROCESSOR_DEFINITIONS = (
					"DEBUG=1",
					"$(inherited)",
				);
				GCC_WARN_64_TO_32_BIT_CONVERSION = YES;
				GCC_WARN_ABOUT_RETURN_TYPE = YES_ERROR;
				GCC_WARN_UNDECLARED_SELECTOR = YES;
				GCC_WARN_UNINITIALIZED_AUTOS = YES_AGGRESSIVE;
				GCC_WARN_UNUSED_FUNCTION = YES;
				GCC_WARN_UNUSED_VARIABLE = YES;
				LOCALIZATION_PREFERS_STRING_CATALOGS = YES;
				MTL_ENABLE_DEBUG_INFO = INCLUDE_SOURCE;
				MTL_FAST_MATH = YES;
				ONLY_ACTIVE_ARCH = YES;
				SWIFT_ACTIVE_COMPILATION_CONDITIONS = "DEBUG $(inherited)";
				SWIFT_OPTIMIZATION_LEVEL = "-Onone";
			};
			name = Debug;
		};
		E30C15B32F5029410087DEB3 /* Release */ = {
			isa = XCBuildConfiguration;
			buildSettings = {
				ALWAYS_SEARCH_USER_PATHS = NO;
				ASSETCATALOG_COMPILER_GENERATE_SWIFT_ASSET_SYMBOL_EXTENSIONS = YES;
				CLANG_ANALYZER_NONNULL = YES;
				CLANG_ANALYZER_NUMBER_OBJECT_CONVERSION = YES_AGGRESSIVE;
				CLANG_CXX_LANGUAGE_STANDARD = "gnu++20";
				CLANG_ENABLE_MODULES = YES;
				CLANG_ENABLE_OBJC_ARC = YES;
				CLANG_ENABLE_OBJC_WEAK = YES;
				CLANG_WARN_BLOCK_CAPTURE_AUTORELEASING = YES;
				CLANG_WARN_BOOL_CONVERSION = YES;
				CLANG_WARN_COMMA = YES;
				CLANG_WARN_CONSTANT_CONVERSION = YES;
				CLANG_WARN_DEPRECATED_OBJC_IMPLEMENTATIONS = YES;
				CLANG_WARN_DIRECT_OBJC_ISA_USAGE = YES_ERROR;
				CLANG_WARN_DOCUMENTATION_COMMENTS = YES;
				CLANG_WARN_EMPTY_BODY = YES;
				CLANG_WARN_ENUM_CONVERSION = YES;
				CLANG_WARN_INFINITE_RECURSION = YES;
				CLANG_WARN_INT_CONVERSION = YES;
				CLANG_WARN_NON_LITERAL_NULL_CONVERSION = YES;
				CLANG_WARN_OBJC_IMPLICIT_RETAIN_SELF = YES;
				CLANG_WARN_OBJC_LITERAL_CONVERSION = YES;
				CLANG_WARN_OBJC_ROOT_CLASS = YES_ERROR;
				CLANG_WARN_QUOTED_INCLUDE_IN_FRAMEWORK_HEADER = YES;
				CLANG_WARN_RANGE_LOOP_ANALYSIS = YES;
				CLANG_WARN_STRICT_PROTOTYPES = YES;
				CLANG_WARN_SUSPICIOUS_MOVE = YES;
				CLANG_WARN_UNGUARDED_AVAILABILITY = YES_AGGRESSIVE;
				CLANG_WARN_UNREACHABLE_CODE = YES;
				CLANG_WARN__DUPLICATE_METHOD_MATCH = YES;
				COPY_PHASE_STRIP = NO;
				DEBUG_INFORMATION_FORMAT = "dwarf-with-dsym";
				ENABLE_NS_ASSERTIONS = NO;
				ENABLE_STRICT_OBJC_MSGSEND = YES;
				ENABLE_USER_SCRIPT_SANDBOXING = YES;
				GCC_C_LANGUAGE_STANDARD = gnu17;
				GCC_NO_COMMON_BLOCKS = YES;
				GCC_WARN_64_TO_32_BIT_CONVERSION = YES;
				GCC_WARN_ABOUT_RETURN_TYPE = YES_ERROR;
				GCC_WARN_UNDECLARED_SELECTOR = YES;
				GCC_WARN_UNINITIALIZED_AUTOS = YES_AGGRESSIVE;
				GCC_WARN_UNUSED_FUNCTION = YES;
				GCC_WARN_UNUSED_VARIABLE = YES;
				LOCALIZATION_PREFERS_STRING_CATALOGS = YES;
				MTL_ENABLE_DEBUG_INFO = NO;
				MTL_FAST_MATH = YES;
				SWIFT_COMPILATION_MODE = wholemodule;
			};
			name = Release;
		};
		E30C15B52F5029410087DEB3 /* Debug */ = {
			isa = XCBuildConfiguration;
			buildSettings = {
				ASSETCATALOG_COMPILER_APPICON_NAME = AppIcon;
				ASSETCATALOG_COMPILER_GLOBAL_ACCENT_COLOR_NAME = AccentColor;
				CODE_SIGN_ENTITLEMENTS = "suisuinian Watch App/suisuinianwatch.entitlements";
				CODE_SIGN_STYLE = Automatic;
				CURRENT_PROJECT_VERSION = 1;
				ENABLE_PREVIEWS = YES;
				GENERATE_INFOPLIST_FILE = YES;
				INFOPLIST_KEY_CFBundleDisplayName = suisuinian;
				INFOPLIST_KEY_NSMicrophoneUsageDescription = "Suisuinian needs to hear your voice to function.";
				INFOPLIST_KEY_NSSpeechRecognitionUsageDescription = "Suisuinian needs to use Apple Speech Recognition to convert your voice into text.";
				INFOPLIST_KEY_UISupportedInterfaceOrientations = "UIInterfaceOrientationPortrait UIInterfaceOrientationPortraitUpsideDown";
				INFOPLIST_KEY_WKCompanionAppBundleIdentifier = rollin.suisuinian;
				LD_RUNPATH_SEARCH_PATHS = (
					"$(inherited)",
					"@executable_path/Frameworks",
				);
				MARKETING_VERSION = 1.0;
				PRODUCT_BUNDLE_IDENTIFIER = rollin.suisuinian.watchkitapp;
				PRODUCT_NAME = "$(TARGET_NAME)";
				SDKROOT = watchos;
				SKIP_INSTALL = YES;
				STRING_CATALOG_GENERATE_SYMBOLS = YES;
				SWIFT_APPROACHABLE_CONCURRENCY = YES;
				SWIFT_DEFAULT_ACTOR_ISOLATION = MainActor;
				SWIFT_EMIT_LOC_STRINGS = YES;
				SWIFT_UPCOMING_FEATURE_MEMBER_IMPORT_VISIBILITY = YES;
				SWIFT_VERSION = 5.0;
				TARGETED_DEVICE_FAMILY = 4;
				WATCHOS_DEPLOYMENT_TARGET = 26.2;
				WKAppBundleIdentifier = rollin.suisuinian.watchkitapp;
				WKCompanionAppBundleIdentifier = rollin.suisuinian;
			};
			name = Debug;
		};
		E30C15B62F5029410087DEB3 /* Release */ = {
			isa = XCBuildConfiguration;
			buildSettings = {
				ASSETCATALOG_COMPILER_APPICON_NAME = AppIcon;
				ASSETCATALOG_COMPILER_GLOBAL_ACCENT_COLOR_NAME = AccentColor;
				CODE_SIGN_ENTITLEMENTS = "suisuinian Watch App/suisuinianwatch.entitlements";
				CODE_SIGN_STYLE = Automatic;
				CURRENT_PROJECT_VERSION = 1;
				ENABLE_PREVIEWS = YES;
				GENERATE_INFOPLIST_FILE = YES;
				INFOPLIST_KEY_CFBundleDisplayName = suisuinian;
				INFOPLIST_KEY_NSMicrophoneUsageDescription = "Suisuinian needs to hear your voice to function.";
				INFOPLIST_KEY_NSSpeechRecognitionUsageDescription = "Suisuinian needs to use Apple Speech Recognition to convert your voice into text.";
				INFOPLIST_KEY_UISupportedInterfaceOrientations = "UIInterfaceOrientationPortrait UIInterfaceOrientationPortraitUpsideDown";
				INFOPLIST_KEY_WKCompanionAppBundleIdentifier = rollin.suisuinian;
				LD_RUNPATH_SEARCH_PATHS = (
					"$(inherited)",
					"@executable_path/Frameworks",
				);
				MARKETING_VERSION = 1.0;
				PRODUCT_BUNDLE_IDENTIFIER = rollin.suisuinian.watchkitapp;
				PRODUCT_NAME = "$(TARGET_NAME)";
				SDKROOT = watchos;
				SKIP_INSTALL = YES;
				STRING_CATALOG_GENERATE_SYMBOLS = YES;
				SWIFT_APPROACHABLE_CONCURRENCY = YES;
				SWIFT_DEFAULT_ACTOR_ISOLATION = MainActor;
				SWIFT_EMIT_LOC_STRINGS = YES;
				SWIFT_UPCOMING_FEATURE_MEMBER_IMPORT_VISIBILITY = YES;
				SWIFT_VERSION = 5.0;
				TARGETED_DEVICE_FAMILY = 4;
				VALIDATE_PRODUCT = YES;
				WATCHOS_DEPLOYMENT_TARGET = 26.2;
				WKAppBundleIdentifier = rollin.suisuinian.watchkitapp;
				WKCompanionAppBundleIdentifier = rollin.suisuinian;
			};
			name = Release;
		};
		E30C15B92F5029410087DEB3 /* Debug */ = {
			isa = XCBuildConfiguration;
			buildSettings = {
				ASSETCATALOG_COMPILER_APPICON_NAME = AppIcon;
				ASSETCATALOG_COMPILER_GLOBAL_ACCENT_COLOR_NAME = AccentColor;
				CODE_SIGN_ENTITLEMENTS = suisuinian/suisuinian.entitlements;
				CODE_SIGN_STYLE = Automatic;
				CURRENT_PROJECT_VERSION = 1;
				ENABLE_PREVIEWS = YES;
				GENERATE_INFOPLIST_FILE = YES;
				INFOPLIST_KEY_BGTaskSchedulerPermittedIdentifiers = com.rollin.suisuinian.audioupload;
				INFOPLIST_KEY_CFBundleDisplayName = suisuinian;
				INFOPLIST_KEY_NSMicrophoneUsageDescription = "Suisuinian needs to hear your voice to function.";
				INFOPLIST_KEY_NSSpeechRecognitionUsageDescription = "Suisuinian needs to use Apple Speech Recognition to convert your voice into text.";
				INFOPLIST_KEY_UIApplicationSceneManifest_Generation = YES;
				INFOPLIST_KEY_UIApplicationSupportsIndirectInputEvents = YES;
				INFOPLIST_KEY_UILaunchScreen_Generation = YES;
				INFOPLIST_KEY_UISupportedInterfaceOrientations_iPad = "UIInterfaceOrientationPortrait UIInterfaceOrientationPortraitUpsideDown UIInterfaceOrientationLandscapeLeft UIInterfaceOrientationLandscapeRight";
				INFOPLIST_KEY_UISupportedInterfaceOrientations_iPhone = "UIInterfaceOrientationPortrait UIInterfaceOrientationLandscapeLeft UIInterfaceOrientationLandscapeRight";
				IPHONEOS_DEPLOYMENT_TARGET = 26.2;
				LD_RUNPATH_SEARCH_PATHS = (
					"$(inherited)",
					"@executable_path/Frameworks",
				);
				MARKETING_VERSION = 1.0;
				PRODUCT_BUNDLE_IDENTIFIER = rollin.suisuinian;
				PRODUCT_NAME = "$(TARGET_NAME)";
				SDKROOT = iphoneos;
				STRING_CATALOG_GENERATE_SYMBOLS = YES;
				SWIFT_APPROACHABLE_CONCURRENCY = YES;
				SWIFT_DEFAULT_ACTOR_ISOLATION = MainActor;
				SWIFT_EMIT_LOC_STRINGS = YES;
				SWIFT_UPCOMING_FEATURE_MEMBER_IMPORT_VISIBILITY = YES;
				SWIFT_VERSION = 5.0;
				TARGETED_DEVICE_FAMILY = "1,2";
			};
			name = Debug;
		};
		E30C15BA2F5029410087DEB3 /* Release */ = {
			isa = XCBuildConfiguration;
			buildSettings = {
				ASSETCATALOG_COMPILER_APPICON_NAME = AppIcon;
				ASSETCATALOG_COMPILER_GLOBAL_ACCENT_COLOR_NAME = AccentColor;
				CODE_SIGN_ENTITLEMENTS = suisuinian/suisuinian.entitlements;
				CODE_SIGN_STYLE = Automatic;
				CURRENT_PROJECT_VERSION = 1;
				ENABLE_PREVIEWS = YES;
				GENERATE_INFOPLIST_FILE = YES;
				INFOPLIST_KEY_BGTaskSchedulerPermittedIdentifiers = com.rollin.suisuinian.audioupload;
				INFOPLIST_KEY_CFBundleDisplayName = suisuinian;
				INFOPLIST_KEY_NSMicrophoneUsageDescription = "Suisuinian needs to hear your voice to function.";
				INFOPLIST_KEY_NSSpeechRecognitionUsageDescription = "Suisuinian needs to use Apple Speech Recognition to convert your voice into text.";
				INFOPLIST_KEY_UIApplicationSceneManifest_Generation = YES;
				INFOPLIST_KEY_UIApplicationSupportsIndirectInputEvents = YES;
				INFOPLIST_KEY_UILaunchScreen_Generation = YES;
				INFOPLIST_KEY_UISupportedInterfaceOrientations_iPad = "UIInterfaceOrientationPortrait UIInterfaceOrientationPortraitUpsideDown UIInterfaceOrientationLandscapeLeft UIInterfaceOrientationLandscapeRight";
				INFOPLIST_KEY_UISupportedInterfaceOrientations_iPhone = "UIInterfaceOrientationPortrait UIInterfaceOrientationLandscapeLeft UIInterfaceOrientationLandscapeRight";
				IPHONEOS_DEPLOYMENT_TARGET = 26.2;
				LD_RUNPATH_SEARCH_PATHS = (
					"$(inherited)",
					"@executable_path/Frameworks",
				);
				MARKETING_VERSION = 1.0;
				PRODUCT_BUNDLE_IDENTIFIER = rollin.suisuinian;
				PRODUCT_NAME = "$(TARGET_NAME)";
				SDKROOT = iphoneos;
				STRING_CATALOG_GENERATE_SYMBOLS = YES;
				SWIFT_APPROACHABLE_CONCURRENCY = YES;
				SWIFT_DEFAULT_ACTOR_ISOLATION = MainActor;
				SWIFT_EMIT_LOC_STRINGS = YES;
				SWIFT_UPCOMING_FEATURE_MEMBER_IMPORT_VISIBILITY = YES;
				SWIFT_VERSION = 5.0;
				TARGETED_DEVICE_FAMILY = "1,2";
				VALIDATE_PRODUCT = YES;
			};
			name = Release;
		};
/* End XCBuildConfiguration section */

/* Begin XCConfigurationList section */
		E30C15952F50293E0087DEB3 /* Build configuration list for PBXProject "suisuinian" */ = {
			isa = XCConfigurationList;
			buildConfigurations = (
				E30C15B22F5029410087DEB3 /* Debug */,
				E30C15B32F5029410087DEB3 /* Release */,
			);
			defaultConfigurationIsVisible = 0;
			defaultConfigurationName = Release;
		};
		E30C15B42F5029410087DEB3 /* Build configuration list for PBXNativeTarget "suisuinian Watch App" */ = {
			isa = XCConfigurationList;
			buildConfigurations = (
				E30C15B52F5029410087DEB3 /* Debug */,
				E30C15B62F5029410087DEB3 /* Release */,
			);
			defaultConfigurationIsVisible = 0;
			defaultConfigurationName = Release;
		};
		E30C15B82F5029410087DEB3 /* Build configuration list for PBXNativeTarget "suisuinian" */ = {
			isa = XCConfigurationList;
			buildConfigurations = (
				E30C15B92F5029410087DEB3 /* Debug */,
				E30C15BA2F5029410087DEB3 /* Release */,
			);
			defaultConfigurationIsVisible = 0;
			defaultConfigurationName = Release;
		};
/* End XCConfigurationList section */
	};
	rootObject = E30C15922F50293E0087DEB3 /* Project object */;
}
